
Microsoft Visual Studio Solution File, Format Version 12.00
# Visual Studio Version 17
VisualStudioVersion = 17.4.33213.308
MinimumVisualStudioVersion = 10.0.40219.1
Project("{FAE04EC0-301F-11D3-BF4B-00C04F79EFBC}") = "Week5LogicalOperators", "Week5LogicalOperators\Week5LogicalOperators.csproj", "{218367BF-1040-4762-B15A-D50C956DE279}"
EndProject
Project("{FAE04EC0-301F-11D3-BF4B-00C04F79EFBC}") = "AndOperator", "AndOperator\AndOperator.csproj", "{57946DB9-EE26-4D9D-B3C3-F836EECB468A}"
EndProject
Project("{FAE04EC0-301F-11D3-BF4B-00C04F79EFBC}") = "OrOperator", "OrOperator\OrOperator.csproj", "{5B1B109D-3E39-43C6-A4CD-52B21DE4EF58}"
EndProject
Project("{FAE04EC0-301F-11D3-BF4B-00C04F79EFBC}") = "AndRanges", "AndRanges\AndRanges.csproj", "{EBE945C4-9BC2-49D0-B44E-FEE5360C6F13}"
EndProject
Global
	GlobalSection(SolutionConfigurationPlatforms) = preSolution
		Debug|Any CPU = Debug|Any CPU
		Release|Any CPU = Release|Any CPU
	EndGlobalSection
	GlobalSection(ProjectConfigurationPlatforms) = postSolution
		{218367BF-1040-4762-B15A-D50C956DE279}.Debug|Any CPU.ActiveCfg = Debug|Any CPU
		{218367BF-1040-4762-B15A-D50C956DE279}.Debug|Any CPU.Build.0 = Debug|Any CPU
		{218367BF-1040-4762-B15A-D50C956DE279}.Release|Any CPU.ActiveCfg = Release|Any CPU
		{218367BF-1040-4762-B15A-D50C956DE279}.Release|Any CPU.Build.0 = Release|Any CPU
		{57946DB9-EE26-4D9D-B3C3-F836EECB468A}.Debug|Any CPU.ActiveCfg = Debug|Any CPU
		{57946DB9-EE26-4D9D-B3C3-F836EECB468A}.Debug|Any CPU.Build.0 = Debug|Any CPU
		{57946DB9-EE26-4D9D-B3C3-F836EECB468A}.Release|Any CPU.ActiveCfg = Release|Any CPU
		{57946DB9-EE26-4D9D-B3C3-F836EECB468A}.Release|Any CPU.Build.0 = Release|Any CPU
		{5B1B109D-3E39-43C6-A4CD-52B21DE4EF58}.Debug|Any CPU.ActiveCfg = Debug|Any CPU
		{5B1B109D-3E39-43C6-A4CD-52B21DE4EF58}.Debug|Any CPU.Build.0 = Debug|Any CPU
		{5B1B109D-3E39-43C6-A4CD-52B21DE4EF58}.Release|Any CPU.ActiveCfg = Release|Any CPU
		{5B1B109D-3E39-43C6-A4CD-52B21DE4EF58}.Release|Any CPU.Build.0 = Release|Any CPU
		{EBE945C4-9BC2-49D0-B44E-FEE5360C6F13}.Debug|Any CPU.ActiveCfg = Debug|Any CPU
		{EBE945C4-9BC2-49D0-B44E-FEE5360C6F13}.Debug|Any CPU.Build.0 = Debug|Any CPU
		{EBE945C4-9BC2-49D0-B44E-FEE5360C6F13}.Release|Any CPU.ActiveCfg = Release|Any CPU
		{EBE945C4-9BC2-49D0-B44E-FEE5360C6F13}.Release|Any CPU.Build.0 = Release|Any CPU
	EndGlobalSection
	GlobalSection(SolutionProperties) = preSolution
		HideSolutionNode = FALSE
	EndGlobalSection
	GlobalSection(ExtensibilityGlobals) = postSolution
		SolutionGuid = {88223ABD-FE2B-41DA-8309-C1AE9D37D5C5}
	EndGlobalSection
EndGlobal
